
Microsoft Visual Studio Solution File, Format Version 12.00
# Visual Studio Version 17
VisualStudioVersion = 17.5.002.0
MinimumVisualStudioVersion = 10.0.40219.1
Project("{9A19103F-16F7-4668-BE54-9A1E7A4F7556}") = "08-codeBlocks_and_variableScope", "08-codeBlocks_and_variableScope.csproj", "{C20D50B1-EC95-4213-AF9C-2ED5E765CEC6}"
EndProject
Global
	GlobalSection(SolutionConfigurationPlatforms) = preSolution
		Debug|Any CPU = Debug|Any CPU
		Release|Any CPU = Release|Any CPU
	EndGlobalSection
	GlobalSection(ProjectConfigurationPlatforms) = postSolution
		{C20D50B1-EC95-4213-AF9C-2ED5E765CEC6}.Debug|Any CPU.ActiveCfg = Debug|Any CPU
		{C20D50B1-EC95-4213-AF9C-2ED5E765CEC6}.Debug|Any CPU.Build.0 = Debug|Any CPU
		{C20D50B1-EC95-4213-AF9C-2ED5E765CEC6}.Release|Any CPU.ActiveCfg = Release|Any CPU
		{C20D50B1-EC95-4213-AF9C-2ED5E765CEC6}.Release|Any CPU.Build.0 = Release|Any CPU
	EndGlobalSection
	GlobalSection(SolutionProperties) = preSolution
		HideSolutionNode = FALSE
	EndGlobalSection
	GlobalSection(ExtensibilityGlobals) = postSolution
		SolutionGuid = {901960A0-26B1-451F-A596-0221FD7DD443}
	EndGlobalSection
EndGlobal
