
Microsoft Visual Studio Solution File, Format Version 12.00
# Visual Studio Version 17
VisualStudioVersion = 17.5.002.0
MinimumVisualStudioVersion = 10.0.40219.1
Project("{9A19103F-16F7-4668-BE54-9A1E7A4F7556}") = "05-foreach_exercise", "05-foreach_exercise.csproj", "{CE9D7B6B-783B-43CD-821A-D0B1E89ACAFB}"
EndProject
Global
	GlobalSection(SolutionConfigurationPlatforms) = preSolution
		Debug|Any CPU = Debug|Any CPU
		Release|Any CPU = Release|Any CPU
	EndGlobalSection
	GlobalSection(ProjectConfigurationPlatforms) = postSolution
		{CE9D7B6B-783B-43CD-821A-D0B1E89ACAFB}.Debug|Any CPU.ActiveCfg = Debug|Any CPU
		{CE9D7B6B-783B-43CD-821A-D0B1E89ACAFB}.Debug|Any CPU.Build.0 = Debug|Any CPU
		{CE9D7B6B-783B-43CD-821A-D0B1E89ACAFB}.Release|Any CPU.ActiveCfg = Release|Any CPU
		{CE9D7B6B-783B-43CD-821A-D0B1E89ACAFB}.Release|Any CPU.Build.0 = Release|Any CPU
	EndGlobalSection
	GlobalSection(SolutionProperties) = preSolution
		HideSolutionNode = FALSE
	EndGlobalSection
	GlobalSection(ExtensibilityGlobals) = postSolution
		SolutionGuid = {4C6EEBEB-5E19-4927-8E80-5D19311E1AE2}
	EndGlobalSection
EndGlobal
